// !$*UTF8*$!
{
	archiveVersion = 1;
	classes = {
	};
	objectVersion = 52;
	objects = {

/* Begin PBXBuildFile section */
		01004ABE25C996F0006F5670 /* DatabasePublisher.swift in Sources */ = {isa = PBXBuildFile; fileRef = 01004ABD25C996F0006F5670 /* DatabasePublisher.swift */; };
		01004AC425C997A4006F5670 /* TimeSeriesMeasurementPub.swift in Sources */ = {isa = PBXBuildFile; fileRef = 01004AC325C997A4006F5670 /* TimeSeriesMeasurementPub.swift */; };
		0100B4D125D7243600898C05 /* UInt+Extension.swift in Sources */ = {isa = PBXBuildFile; fileRef = 0100B4D025D7243600898C05 /* UInt+Extension.swift */; };
		0100B4D725D74FB900898C05 /* FaceBitIcon.swift in Sources */ = {isa = PBXBuildFile; fileRef = 0100B4D625D74FB900898C05 /* FaceBitIcon.swift */; };
		0100B4DC25D7581900898C05 /* FaceBitDetailsView.swift in Sources */ = {isa = PBXBuildFile; fileRef = 0100B4DB25D7581900898C05 /* FaceBitDetailsView.swift */; };
		0100B4E725D7907300898C05 /* PrimaryButton.swift in Sources */ = {isa = PBXBuildFile; fileRef = 0100B4E625D7907300898C05 /* PrimaryButton.swift */; };
		0100B4EF25D7996900898C05 /* MaskWearTimeWidget.swift in Sources */ = {isa = PBXBuildFile; fileRef = 0100B4EE25D7996900898C05 /* MaskWearTimeWidget.swift */; };
		0100B4F425D7A1B800898C05 /* Timestamp.swift in Sources */ = {isa = PBXBuildFile; fileRef = 0100B4F325D7A1B800898C05 /* Timestamp.swift */; };
		010862B825B2423900EAF722 /* SQLiteDatabase.swift in Sources */ = {isa = PBXBuildFile; fileRef = 010862B725B2423900EAF722 /* SQLiteDatabase.swift */; };
		010862BD25B5E27800EAF722 /* SQLiteTable.swift in Sources */ = {isa = PBXBuildFile; fileRef = 010862BC25B5E27800EAF722 /* SQLiteTable.swift */; };
		010862C825B5E54F00EAF722 /* Int+Id.swift in Sources */ = {isa = PBXBuildFile; fileRef = 010862C725B5E54F00EAF722 /* Int+Id.swift */; };
		010862CE25B6122600EAF722 /* Logger.swift in Sources */ = {isa = PBXBuildFile; fileRef = 010862CD25B6122600EAF722 /* Logger.swift */; };
		010C675725BB5AFC00E0EF01 /* FaceBitConnectionStatusButtonView.swift in Sources */ = {isa = PBXBuildFile; fileRef = 010C675625BB5AFC00E0EF01 /* FaceBitConnectionStatusButtonView.swift */; };
		010C675D25BB6C9A00E0EF01 /* TimeSeriesGraphWidgetView.swift in Sources */ = {isa = PBXBuildFile; fileRef = 010C675C25BB6C9A00E0EF01 /* TimeSeriesGraphWidgetView.swift */; };
		010C676525BB7EEC00E0EF01 /* MyFaceBitMetricsDashboardView.swift in Sources */ = {isa = PBXBuildFile; fileRef = 010C676425BB7EEC00E0EF01 /* MyFaceBitMetricsDashboardView.swift */; };
		010C677625BB82A400E0EF01 /* EventRecorderView.swift in Sources */ = {isa = PBXBuildFile; fileRef = 010C677125BB82A400E0EF01 /* EventRecorderView.swift */; };
		010C677725BB82A400E0EF01 /* CoughEventRecordView.swift in Sources */ = {isa = PBXBuildFile; fileRef = 010C677225BB82A400E0EF01 /* CoughEventRecordView.swift */; };
		010C677825BB82A400E0EF01 /* TalkingEventRecordView.swift in Sources */ = {isa = PBXBuildFile; fileRef = 010C677325BB82A400E0EF01 /* TalkingEventRecordView.swift */; };
		010C677925BB82A400E0EF01 /* DeepBreathingEventRecordView.swift in Sources */ = {isa = PBXBuildFile; fileRef = 010C677425BB82A400E0EF01 /* DeepBreathingEventRecordView.swift */; };
		010C677A25BB82A400E0EF01 /* NormalBreathingEventRecordView.swift in Sources */ = {isa = PBXBuildFile; fileRef = 010C677525BB82A400E0EF01 /* NormalBreathingEventRecordView.swift */; };
		010C679925BB982900E0EF01 /* AppData.swift in Sources */ = {isa = PBXBuildFile; fileRef = 010C679825BB982900E0EF01 /* AppData.swift */; };
		010C67A125BB9C7400E0EF01 /* ValueWidgetView.swift in Sources */ = {isa = PBXBuildFile; fileRef = 010C67A025BB9C7400E0EF01 /* ValueWidgetView.swift */; };
		010C67A925BB9FEC00E0EF01 /* WidgetView.swift in Sources */ = {isa = PBXBuildFile; fileRef = 010C67A825BB9FEC00E0EF01 /* WidgetView.swift */; };
		012735BA25D7A73E00C5CF6C /* HeartRateWidget.swift in Sources */ = {isa = PBXBuildFile; fileRef = 012735B925D7A73E00C5CF6C /* HeartRateWidget.swift */; };
		012C91B425B1ECFE00274F82 /* LiveLinePlot.swift in Sources */ = {isa = PBXBuildFile; fileRef = 012C91B325B1ECFE00274F82 /* LiveLinePlot.swift */; };
		012C91BD25B1ED3600274F82 /* TimeSeriesMeasurement.swift in Sources */ = {isa = PBXBuildFile; fileRef = 012C91BC25B1ED3600274F82 /* TimeSeriesMeasurement.swift */; };
		01325D3B25C35196000B2A05 /* ShareDatabaseButtonView.swift in Sources */ = {isa = PBXBuildFile; fileRef = 01325D3A25C35196000B2A05 /* ShareDatabaseButtonView.swift */; };
		01325D4025C35BC5000B2A05 /* GenericEventRecordingView.swift in Sources */ = {isa = PBXBuildFile; fileRef = 01325D3F25C35BC5000B2A05 /* GenericEventRecordingView.swift */; };
		013B00B725BB278100319A42 /* GenericSettingsRow.swift in Sources */ = {isa = PBXBuildFile; fileRef = 013B00B625BB278100319A42 /* GenericSettingsRow.swift */; };
		013B00BC25BB289B00319A42 /* SettingsView.swift in Sources */ = {isa = PBXBuildFile; fileRef = 013B00BB25BB289B00319A42 /* SettingsView.swift */; };
		013B00C525BB2A7500319A42 /* KeyValueRow.swift in Sources */ = {isa = PBXBuildFile; fileRef = 013B00C425BB2A7500319A42 /* KeyValueRow.swift */; };
		013B00CD25BB2B6400319A42 /* FaceBit+Bundle.swift in Sources */ = {isa = PBXBuildFile; fileRef = 013B00CC25BB2B6400319A42 /* FaceBit+Bundle.swift */; };
		013B00D225BB315C00319A42 /* FaceBitNotificationView.swift in Sources */ = {isa = PBXBuildFile; fileRef = 013B00D125BB315C00319A42 /* FaceBitNotificationView.swift */; };
		013B00D725BB324700319A42 /* FaceBitNotificationCardView.swift in Sources */ = {isa = PBXBuildFile; fileRef = 013B00D625BB324700319A42 /* FaceBitNotificationCardView.swift */; };
		013B00E625BB4B1C00319A42 /* ACarousel in Frameworks */ = {isa = PBXBuildFile; productRef = 013B00E525BB4B1C00319A42 /* ACarousel */; };
		013B00EE25BB517A00319A42 /* FaceBit+String.swift in Sources */ = {isa = PBXBuildFile; fileRef = 013B00ED25BB517A00319A42 /* FaceBit+String.swift */; };
		0145251725C917B6006106ED /* ActiveEventView.swift in Sources */ = {isa = PBXBuildFile; fileRef = 0145251625C917B6006106ED /* ActiveEventView.swift */; };
		015F993325AE493500BDD672 /* FaceBit_CompanionApp.swift in Sources */ = {isa = PBXBuildFile; fileRef = 015F993225AE493500BDD672 /* FaceBit_CompanionApp.swift */; };
		015F993525AE493500BDD672 /* ContentView.swift in Sources */ = {isa = PBXBuildFile; fileRef = 015F993425AE493500BDD672 /* ContentView.swift */; };
		015F993725AE493500BDD672 /* Assets.xcassets in Resources */ = {isa = PBXBuildFile; fileRef = 015F993625AE493500BDD672 /* Assets.xcassets */; };
		015F993A25AE493500BDD672 /* Preview Assets.xcassets in Resources */ = {isa = PBXBuildFile; fileRef = 015F993925AE493500BDD672 /* Preview Assets.xcassets */; };
		015F994525AE493500BDD672 /* FaceBit_CompanionTests.swift in Sources */ = {isa = PBXBuildFile; fileRef = 015F994425AE493500BDD672 /* FaceBit_CompanionTests.swift */; };
		015F995025AE493500BDD672 /* FaceBit_CompanionUITests.swift in Sources */ = {isa = PBXBuildFile; fileRef = 015F994F25AE493500BDD672 /* FaceBit_CompanionUITests.swift */; };
		015F996425AE49A000BDD672 /* BluetoothConnectionManager.swift in Sources */ = {isa = PBXBuildFile; fileRef = 015F996325AE49A000BDD672 /* BluetoothConnectionManager.swift */; };
		018B2F3625CCAE7C00178E6C /* FacebitReadCharacteristic.swift in Sources */ = {isa = PBXBuildFile; fileRef = 018B2F3525CCAE7C00178E6C /* FacebitReadCharacteristic.swift */; };
		018F821825D576610037C5BE /* RespitoryClassifierPub.swift in Sources */ = {isa = PBXBuildFile; fileRef = 018F821725D576610037C5BE /* RespitoryClassifierPub.swift */; };
		018F822325D5BC630037C5BE /* TimerPublisher.swift in Sources */ = {isa = PBXBuildFile; fileRef = 018F822225D5BC630037C5BE /* TimerPublisher.swift */; };
		018F822B25D5C3390037C5BE /* RespiratoryClsWidgetView.swift in Sources */ = {isa = PBXBuildFile; fileRef = 018F822A25D5C3390037C5BE /* RespiratoryClsWidgetView.swift */; };
		018F824F25D5DA4A0037C5BE /* RespiratoryClassifier.mlmodel in Sources */ = {isa = PBXBuildFile; fileRef = 018F824E25D5DA4A0037C5BE /* RespiratoryClassifier.mlmodel */; };
		019754EF25C499D300211FE9 /* PurgeDatabaseButtonView.swift in Sources */ = {isa = PBXBuildFile; fileRef = 019754EE25C499D300211FE9 /* PurgeDatabaseButtonView.swift */; };
		019754FD25C4AAFE00211FE9 /* StartEventView.swift in Sources */ = {isa = PBXBuildFile; fileRef = 019754FC25C4AAFE00211FE9 /* StartEventView.swift */; };
		01A7638325D63F4E005EC1EF /* MetricMeasurement.swift in Sources */ = {isa = PBXBuildFile; fileRef = 01A7638225D63F4E005EC1EF /* MetricMeasurement.swift */; };
		01B48FA525C9B3DD001EF3C3 /* TimeSeriesValueWidgetView.swift in Sources */ = {isa = PBXBuildFile; fileRef = 01B48FA425C9B3DD001EF3C3 /* TimeSeriesValueWidgetView.swift */; };
		01EDBE7025B72659009505DC /* SmartPPEEvent.swift in Sources */ = {isa = PBXBuildFile; fileRef = 01EDBE6F25B72659009505DC /* SmartPPEEvent.swift */; };
		01EDBE7825B74604009505DC /* MyFaceBitMainView.swift in Sources */ = {isa = PBXBuildFile; fileRef = 01EDBE7725B74604009505DC /* MyFaceBitMainView.swift */; };
		01EDBE7E25B7476D009505DC /* FaceBitStatusView.swift in Sources */ = {isa = PBXBuildFile; fileRef = 01EDBE7C25B7476D009505DC /* FaceBitStatusView.swift */; };
		01EDBE7F25B7476D009505DC /* FaceBitLoadingBarButton.swift in Sources */ = {isa = PBXBuildFile; fileRef = 01EDBE7D25B7476D009505DC /* FaceBitLoadingBarButton.swift */; };
		01EECC2A25D38C2A00225DAA /* TimeSeriesDataRead.swift in Sources */ = {isa = PBXBuildFile; fileRef = 01EECC2925D38C2A00225DAA /* TimeSeriesDataRead.swift */; };
		01FAB92525B09400009E5B72 /* FaceBitPerpherial.swift in Sources */ = {isa = PBXBuildFile; fileRef = 01FAB92425B09400009E5B72 /* FaceBitPerpherial.swift */; };
/* End PBXBuildFile section */

/* Begin PBXContainerItemProxy section */
		015F994125AE493500BDD672 /* PBXContainerItemProxy */ = {
			isa = PBXContainerItemProxy;
			containerPortal = 015F992725AE493500BDD672 /* Project object */;
			proxyType = 1;
			remoteGlobalIDString = 015F992E25AE493500BDD672;
			remoteInfo = "FaceBit Companion";
		};
		015F994C25AE493500BDD672 /* PBXContainerItemProxy */ = {
			isa = PBXContainerItemProxy;
			containerPortal = 015F992725AE493500BDD672 /* Project object */;
			proxyType = 1;
			remoteGlobalIDString = 015F992E25AE493500BDD672;
			remoteInfo = "FaceBit Companion";
		};
/* End PBXContainerItemProxy section */

/* Begin PBXFileReference section */
		01004ABD25C996F0006F5670 /* DatabasePublisher.swift */ = {isa = PBXFileReference; lastKnownFileType = sourcecode.swift; path = DatabasePublisher.swift; sourceTree = "<group>"; };
		01004AC325C997A4006F5670 /* TimeSeriesMeasurementPub.swift */ = {isa = PBXFileReference; lastKnownFileType = sourcecode.swift; path = TimeSeriesMeasurementPub.swift; sourceTree = "<group>"; };
		0100B4D025D7243600898C05 /* UInt+Extension.swift */ = {isa = PBXFileReference; lastKnownFileType = sourcecode.swift; path = "UInt+Extension.swift"; sourceTree = "<group>"; };
		0100B4D625D74FB900898C05 /* FaceBitIcon.swift */ = {isa = PBXFileReference; lastKnownFileType = sourcecode.swift; path = FaceBitIcon.swift; sourceTree = "<group>"; };
		0100B4DB25D7581900898C05 /* FaceBitDetailsView.swift */ = {isa = PBXFileReference; lastKnownFileType = sourcecode.swift; path = FaceBitDetailsView.swift; sourceTree = "<group>"; };
		0100B4E625D7907300898C05 /* PrimaryButton.swift */ = {isa = PBXFileReference; lastKnownFileType = sourcecode.swift; path = PrimaryButton.swift; sourceTree = "<group>"; };
		0100B4EE25D7996900898C05 /* MaskWearTimeWidget.swift */ = {isa = PBXFileReference; lastKnownFileType = sourcecode.swift; path = MaskWearTimeWidget.swift; sourceTree = "<group>"; };
		0100B4F325D7A1B800898C05 /* Timestamp.swift */ = {isa = PBXFileReference; lastKnownFileType = sourcecode.swift; path = Timestamp.swift; sourceTree = "<group>"; };
		010862B725B2423900EAF722 /* SQLiteDatabase.swift */ = {isa = PBXFileReference; lastKnownFileType = sourcecode.swift; path = SQLiteDatabase.swift; sourceTree = "<group>"; };
		010862BC25B5E27800EAF722 /* SQLiteTable.swift */ = {isa = PBXFileReference; lastKnownFileType = sourcecode.swift; path = SQLiteTable.swift; sourceTree = "<group>"; };
		010862C725B5E54F00EAF722 /* Int+Id.swift */ = {isa = PBXFileReference; lastKnownFileType = sourcecode.swift; path = "Int+Id.swift"; sourceTree = "<group>"; };
		010862CD25B6122600EAF722 /* Logger.swift */ = {isa = PBXFileReference; lastKnownFileType = sourcecode.swift; path = Logger.swift; sourceTree = "<group>"; };
		010C675625BB5AFC00E0EF01 /* FaceBitConnectionStatusButtonView.swift */ = {isa = PBXFileReference; lastKnownFileType = sourcecode.swift; path = FaceBitConnectionStatusButtonView.swift; sourceTree = "<group>"; };
		010C675C25BB6C9A00E0EF01 /* TimeSeriesGraphWidgetView.swift */ = {isa = PBXFileReference; lastKnownFileType = sourcecode.swift; path = TimeSeriesGraphWidgetView.swift; sourceTree = "<group>"; };
		010C676425BB7EEC00E0EF01 /* MyFaceBitMetricsDashboardView.swift */ = {isa = PBXFileReference; lastKnownFileType = sourcecode.swift; path = MyFaceBitMetricsDashboardView.swift; sourceTree = "<group>"; };
		010C677125BB82A400E0EF01 /* EventRecorderView.swift */ = {isa = PBXFileReference; fileEncoding = 4; lastKnownFileType = sourcecode.swift; path = EventRecorderView.swift; sourceTree = "<group>"; };
		010C677225BB82A400E0EF01 /* CoughEventRecordView.swift */ = {isa = PBXFileReference; fileEncoding = 4; lastKnownFileType = sourcecode.swift; path = CoughEventRecordView.swift; sourceTree = "<group>"; };
		010C677325BB82A400E0EF01 /* TalkingEventRecordView.swift */ = {isa = PBXFileReference; fileEncoding = 4; lastKnownFileType = sourcecode.swift; path = TalkingEventRecordView.swift; sourceTree = "<group>"; };
		010C677425BB82A400E0EF01 /* DeepBreathingEventRecordView.swift */ = {isa = PBXFileReference; fileEncoding = 4; lastKnownFileType = sourcecode.swift; path = DeepBreathingEventRecordView.swift; sourceTree = "<group>"; };
		010C677525BB82A400E0EF01 /* NormalBreathingEventRecordView.swift */ = {isa = PBXFileReference; fileEncoding = 4; lastKnownFileType = sourcecode.swift; path = NormalBreathingEventRecordView.swift; sourceTree = "<group>"; };
		010C679825BB982900E0EF01 /* AppData.swift */ = {isa = PBXFileReference; lastKnownFileType = sourcecode.swift; path = AppData.swift; sourceTree = "<group>"; };
		010C67A025BB9C7400E0EF01 /* ValueWidgetView.swift */ = {isa = PBXFileReference; lastKnownFileType = sourcecode.swift; path = ValueWidgetView.swift; sourceTree = "<group>"; };
		010C67A825BB9FEC00E0EF01 /* WidgetView.swift */ = {isa = PBXFileReference; lastKnownFileType = sourcecode.swift; path = WidgetView.swift; sourceTree = "<group>"; };
		012735B925D7A73E00C5CF6C /* HeartRateWidget.swift */ = {isa = PBXFileReference; lastKnownFileType = sourcecode.swift; path = HeartRateWidget.swift; sourceTree = "<group>"; };
		012C91B325B1ECFE00274F82 /* LiveLinePlot.swift */ = {isa = PBXFileReference; lastKnownFileType = sourcecode.swift; path = LiveLinePlot.swift; sourceTree = "<group>"; };
		012C91BC25B1ED3600274F82 /* TimeSeriesMeasurement.swift */ = {isa = PBXFileReference; lastKnownFileType = sourcecode.swift; path = TimeSeriesMeasurement.swift; sourceTree = "<group>"; };
		01325D3A25C35196000B2A05 /* ShareDatabaseButtonView.swift */ = {isa = PBXFileReference; lastKnownFileType = sourcecode.swift; path = ShareDatabaseButtonView.swift; sourceTree = "<group>"; };
		01325D3F25C35BC5000B2A05 /* GenericEventRecordingView.swift */ = {isa = PBXFileReference; lastKnownFileType = sourcecode.swift; path = GenericEventRecordingView.swift; sourceTree = "<group>"; };
		013B00B625BB278100319A42 /* GenericSettingsRow.swift */ = {isa = PBXFileReference; lastKnownFileType = sourcecode.swift; path = GenericSettingsRow.swift; sourceTree = "<group>"; };
		013B00BB25BB289B00319A42 /* SettingsView.swift */ = {isa = PBXFileReference; lastKnownFileType = sourcecode.swift; path = SettingsView.swift; sourceTree = "<group>"; };
		013B00C425BB2A7500319A42 /* KeyValueRow.swift */ = {isa = PBXFileReference; lastKnownFileType = sourcecode.swift; path = KeyValueRow.swift; sourceTree = "<group>"; };
		013B00CC25BB2B6400319A42 /* FaceBit+Bundle.swift */ = {isa = PBXFileReference; lastKnownFileType = sourcecode.swift; path = "FaceBit+Bundle.swift"; sourceTree = "<group>"; };
		013B00D125BB315C00319A42 /* FaceBitNotificationView.swift */ = {isa = PBXFileReference; lastKnownFileType = sourcecode.swift; path = FaceBitNotificationView.swift; sourceTree = "<group>"; };
		013B00D625BB324700319A42 /* FaceBitNotificationCardView.swift */ = {isa = PBXFileReference; lastKnownFileType = sourcecode.swift; path = FaceBitNotificationCardView.swift; sourceTree = "<group>"; };
		013B00ED25BB517A00319A42 /* FaceBit+String.swift */ = {isa = PBXFileReference; lastKnownFileType = sourcecode.swift; path = "FaceBit+String.swift"; sourceTree = "<group>"; };
		0145251625C917B6006106ED /* ActiveEventView.swift */ = {isa = PBXFileReference; lastKnownFileType = sourcecode.swift; path = ActiveEventView.swift; sourceTree = "<group>"; };
		015F992F25AE493500BDD672 /* FaceBit Companion.app */ = {isa = PBXFileReference; explicitFileType = wrapper.application; includeInIndex = 0; path = "FaceBit Companion.app"; sourceTree = BUILT_PRODUCTS_DIR; };
		015F993225AE493500BDD672 /* FaceBit_CompanionApp.swift */ = {isa = PBXFileReference; lastKnownFileType = sourcecode.swift; path = FaceBit_CompanionApp.swift; sourceTree = "<group>"; };
		015F993425AE493500BDD672 /* ContentView.swift */ = {isa = PBXFileReference; lastKnownFileType = sourcecode.swift; path = ContentView.swift; sourceTree = "<group>"; };
		015F993625AE493500BDD672 /* Assets.xcassets */ = {isa = PBXFileReference; lastKnownFileType = folder.assetcatalog; path = Assets.xcassets; sourceTree = "<group>"; };
		015F993925AE493500BDD672 /* Preview Assets.xcassets */ = {isa = PBXFileReference; lastKnownFileType = folder.assetcatalog; path = "Preview Assets.xcassets"; sourceTree = "<group>"; };
		015F993B25AE493500BDD672 /* Info.plist */ = {isa = PBXFileReference; lastKnownFileType = text.plist.xml; path = Info.plist; sourceTree = "<group>"; };
		015F994025AE493500BDD672 /* FaceBit CompanionTests.xctest */ = {isa = PBXFileReference; explicitFileType = wrapper.cfbundle; includeInIndex = 0; path = "FaceBit CompanionTests.xctest"; sourceTree = BUILT_PRODUCTS_DIR; };
		015F994425AE493500BDD672 /* FaceBit_CompanionTests.swift */ = {isa = PBXFileReference; lastKnownFileType = sourcecode.swift; path = FaceBit_CompanionTests.swift; sourceTree = "<group>"; };
		015F994625AE493500BDD672 /* Info.plist */ = {isa = PBXFileReference; lastKnownFileType = text.plist.xml; path = Info.plist; sourceTree = "<group>"; };
		015F994B25AE493500BDD672 /* FaceBit CompanionUITests.xctest */ = {isa = PBXFileReference; explicitFileType = wrapper.cfbundle; includeInIndex = 0; path = "FaceBit CompanionUITests.xctest"; sourceTree = BUILT_PRODUCTS_DIR; };
		015F994F25AE493500BDD672 /* FaceBit_CompanionUITests.swift */ = {isa = PBXFileReference; lastKnownFileType = sourcecode.swift; path = FaceBit_CompanionUITests.swift; sourceTree = "<group>"; };
		015F995125AE493500BDD672 /* Info.plist */ = {isa = PBXFileReference; lastKnownFileType = text.plist.xml; path = Info.plist; sourceTree = "<group>"; };
		015F996325AE49A000BDD672 /* BluetoothConnectionManager.swift */ = {isa = PBXFileReference; lastKnownFileType = sourcecode.swift; path = BluetoothConnectionManager.swift; sourceTree = "<group>"; };
		018B2F3525CCAE7C00178E6C /* FacebitReadCharacteristic.swift */ = {isa = PBXFileReference; lastKnownFileType = sourcecode.swift; path = FacebitReadCharacteristic.swift; sourceTree = "<group>"; };
		018F821725D576610037C5BE /* RespitoryClassifierPub.swift */ = {isa = PBXFileReference; lastKnownFileType = sourcecode.swift; path = RespitoryClassifierPub.swift; sourceTree = "<group>"; };
		018F822225D5BC630037C5BE /* TimerPublisher.swift */ = {isa = PBXFileReference; lastKnownFileType = sourcecode.swift; path = TimerPublisher.swift; sourceTree = "<group>"; };
		018F822A25D5C3390037C5BE /* RespiratoryClsWidgetView.swift */ = {isa = PBXFileReference; lastKnownFileType = sourcecode.swift; path = RespiratoryClsWidgetView.swift; sourceTree = "<group>"; };
		018F824E25D5DA4A0037C5BE /* RespiratoryClassifier.mlmodel */ = {isa = PBXFileReference; lastKnownFileType = file.mlmodel; path = RespiratoryClassifier.mlmodel; sourceTree = "<group>"; };
		019754EE25C499D300211FE9 /* PurgeDatabaseButtonView.swift */ = {isa = PBXFileReference; lastKnownFileType = sourcecode.swift; path = PurgeDatabaseButtonView.swift; sourceTree = "<group>"; };
		019754FC25C4AAFE00211FE9 /* StartEventView.swift */ = {isa = PBXFileReference; lastKnownFileType = sourcecode.swift; path = StartEventView.swift; sourceTree = "<group>"; };
		01A7638225D63F4E005EC1EF /* MetricMeasurement.swift */ = {isa = PBXFileReference; lastKnownFileType = sourcecode.swift; path = MetricMeasurement.swift; sourceTree = "<group>"; };
		01B48FA425C9B3DD001EF3C3 /* TimeSeriesValueWidgetView.swift */ = {isa = PBXFileReference; lastKnownFileType = sourcecode.swift; path = TimeSeriesValueWidgetView.swift; sourceTree = "<group>"; };
		01EDBE6F25B72659009505DC /* SmartPPEEvent.swift */ = {isa = PBXFileReference; lastKnownFileType = sourcecode.swift; path = SmartPPEEvent.swift; sourceTree = "<group>"; };
		01EDBE7725B74604009505DC /* MyFaceBitMainView.swift */ = {isa = PBXFileReference; lastKnownFileType = sourcecode.swift; path = MyFaceBitMainView.swift; sourceTree = "<group>"; };
		01EDBE7C25B7476D009505DC /* FaceBitStatusView.swift */ = {isa = PBXFileReference; fileEncoding = 4; lastKnownFileType = sourcecode.swift; path = FaceBitStatusView.swift; sourceTree = "<group>"; };
		01EDBE7D25B7476D009505DC /* FaceBitLoadingBarButton.swift */ = {isa = PBXFileReference; fileEncoding = 4; lastKnownFileType = sourcecode.swift; path = FaceBitLoadingBarButton.swift; sourceTree = "<group>"; };
		01EECC2925D38C2A00225DAA /* TimeSeriesDataRead.swift */ = {isa = PBXFileReference; lastKnownFileType = sourcecode.swift; path = TimeSeriesDataRead.swift; sourceTree = "<group>"; };
		01FAB92025B090FA009E5B72 /* FaceBit Companion.entitlements */ = {isa = PBXFileReference; lastKnownFileType = text.plist.entitlements; path = "FaceBit Companion.entitlements"; sourceTree = "<group>"; };
		01FAB92425B09400009E5B72 /* FaceBitPerpherial.swift */ = {isa = PBXFileReference; lastKnownFileType = sourcecode.swift; path = FaceBitPerpherial.swift; sourceTree = "<group>"; };
/* End PBXFileReference section */

/* Begin PBXFrameworksBuildPhase section */
		015F992C25AE493500BDD672 /* Frameworks */ = {
			isa = PBXFrameworksBuildPhase;
			buildActionMask = 2147483647;
			files = (
				013B00E625BB4B1C00319A42 /* ACarousel in Frameworks */,
			);
			runOnlyForDeploymentPostprocessing = 0;
		};
		015F993D25AE493500BDD672 /* Frameworks */ = {
			isa = PBXFrameworksBuildPhase;
			buildActionMask = 2147483647;
			files = (
			);
			runOnlyForDeploymentPostprocessing = 0;
		};
		015F994825AE493500BDD672 /* Frameworks */ = {
			isa = PBXFrameworksBuildPhase;
			buildActionMask = 2147483647;
			files = (
			);
			runOnlyForDeploymentPostprocessing = 0;
		};
/* End PBXFrameworksBuildPhase section */

/* Begin PBXGroup section */
		01004AC225C9977F006F5670 /* Publishers */ = {
			isa = PBXGroup;
			children = (
				01004ABD25C996F0006F5670 /* DatabasePublisher.swift */,
				018F822225D5BC630037C5BE /* TimerPublisher.swift */,
				01004AC325C997A4006F5670 /* TimeSeriesMeasurementPub.swift */,
				018F821725D576610037C5BE /* RespitoryClassifierPub.swift */,
			);
			path = Publishers;
			sourceTree = "<group>";
		};
		0100B4D525D74FA600898C05 /* Shared */ = {
			isa = PBXGroup;
			children = (
				0100B4D625D74FB900898C05 /* FaceBitIcon.swift */,
				0100B4E625D7907300898C05 /* PrimaryButton.swift */,
			);
			path = Shared;
			sourceTree = "<group>";
		};
		010862CC25B6120200EAF722 /* Utils */ = {
			isa = PBXGroup;
			children = (
				010862CD25B6122600EAF722 /* Logger.swift */,
				013B00CC25BB2B6400319A42 /* FaceBit+Bundle.swift */,
				013B00ED25BB517A00319A42 /* FaceBit+String.swift */,
				0100B4D025D7243600898C05 /* UInt+Extension.swift */,
			);
			path = Utils;
			sourceTree = "<group>";
		};
		010C675B25BB6C7D00E0EF01 /* Metrics */ = {
			isa = PBXGroup;
			children = (
				010C675C25BB6C9A00E0EF01 /* TimeSeriesGraphWidgetView.swift */,
				01B48FA425C9B3DD001EF3C3 /* TimeSeriesValueWidgetView.swift */,
				010C67A025BB9C7400E0EF01 /* ValueWidgetView.swift */,
				010C67A825BB9FEC00E0EF01 /* WidgetView.swift */,
				018F822A25D5C3390037C5BE /* RespiratoryClsWidgetView.swift */,
				0100B4EE25D7996900898C05 /* MaskWearTimeWidget.swift */,
				012735B925D7A73E00C5CF6C /* HeartRateWidget.swift */,
			);
			path = Metrics;
			sourceTree = "<group>";
		};
		012C91B225B1ECE200274F82 /* Visualizations */ = {
			isa = PBXGroup;
			children = (
				012C91B325B1ECFE00274F82 /* LiveLinePlot.swift */,
			);
			path = Visualizations;
			sourceTree = "<group>";
		};
		012C91BB25B1ED2300274F82 /* Data */ = {
			isa = PBXGroup;
			children = (
				018F824E25D5DA4A0037C5BE /* RespiratoryClassifier.mlmodel */,
				01004AC225C9977F006F5670 /* Publishers */,
				012C91BC25B1ED3600274F82 /* TimeSeriesMeasurement.swift */,
				01A7638225D63F4E005EC1EF /* MetricMeasurement.swift */,
				01EECC2925D38C2A00225DAA /* TimeSeriesDataRead.swift */,
				0100B4F325D7A1B800898C05 /* Timestamp.swift */,
				010862B725B2423900EAF722 /* SQLiteDatabase.swift */,
				010862BC25B5E27800EAF722 /* SQLiteTable.swift */,
				010862C725B5E54F00EAF722 /* Int+Id.swift */,
				01EDBE6F25B72659009505DC /* SmartPPEEvent.swift */,
			);
			path = Data;
			sourceTree = "<group>";
		};
		013B00B525BB276B00319A42 /* Settings */ = {
			isa = PBXGroup;
			children = (
				013B00C325BB2A6400319A42 /* Rows */,
				013B00BB25BB289B00319A42 /* SettingsView.swift */,
				019754EE25C499D300211FE9 /* PurgeDatabaseButtonView.swift */,
				01325D3A25C35196000B2A05 /* ShareDatabaseButtonView.swift */,
			);
			path = Settings;
			sourceTree = "<group>";
		};
		013B00C325BB2A6400319A42 /* Rows */ = {
			isa = PBXGroup;
			children = (
				013B00B625BB278100319A42 /* GenericSettingsRow.swift */,
				013B00C425BB2A7500319A42 /* KeyValueRow.swift */,
			);
			path = Rows;
			sourceTree = "<group>";
		};
		015F992625AE493500BDD672 = {
			isa = PBXGroup;
			children = (
				015F993125AE493500BDD672 /* FaceBit Companion */,
				015F994325AE493500BDD672 /* FaceBit CompanionTests */,
				015F994E25AE493500BDD672 /* FaceBit CompanionUITests */,
				015F993025AE493500BDD672 /* Products */,
			);
			sourceTree = "<group>";
		};
		015F993025AE493500BDD672 /* Products */ = {
			isa = PBXGroup;
			children = (
				015F992F25AE493500BDD672 /* FaceBit Companion.app */,
				015F994025AE493500BDD672 /* FaceBit CompanionTests.xctest */,
				015F994B25AE493500BDD672 /* FaceBit CompanionUITests.xctest */,
			);
			name = Products;
			sourceTree = "<group>";
		};
		015F993125AE493500BDD672 /* FaceBit Companion */ = {
			isa = PBXGroup;
			children = (
				01EDBE7425B745D6009505DC /* Views */,
				010862CC25B6120200EAF722 /* Utils */,
				012C91BB25B1ED2300274F82 /* Data */,
				012C91B225B1ECE200274F82 /* Visualizations */,
				01FAB92025B090FA009E5B72 /* FaceBit Companion.entitlements */,
				01EAD74C25AF711A00ACFAAA /* Bluetooth */,
				015F993225AE493500BDD672 /* FaceBit_CompanionApp.swift */,
				015F993425AE493500BDD672 /* ContentView.swift */,
				015F993625AE493500BDD672 /* Assets.xcassets */,
				015F993B25AE493500BDD672 /* Info.plist */,
				015F993825AE493500BDD672 /* Preview Content */,
				010C679825BB982900E0EF01 /* AppData.swift */,
			);
			path = "FaceBit Companion";
			sourceTree = "<group>";
		};
		015F993825AE493500BDD672 /* Preview Content */ = {
			isa = PBXGroup;
			children = (
				015F993925AE493500BDD672 /* Preview Assets.xcassets */,
			);
			path = "Preview Content";
			sourceTree = "<group>";
		};
		015F994325AE493500BDD672 /* FaceBit CompanionTests */ = {
			isa = PBXGroup;
			children = (
				015F994425AE493500BDD672 /* FaceBit_CompanionTests.swift */,
				015F994625AE493500BDD672 /* Info.plist */,
			);
			path = "FaceBit CompanionTests";
			sourceTree = "<group>";
		};
		015F994E25AE493500BDD672 /* FaceBit CompanionUITests */ = {
			isa = PBXGroup;
			children = (
				015F994F25AE493500BDD672 /* FaceBit_CompanionUITests.swift */,
				015F995125AE493500BDD672 /* Info.plist */,
			);
			path = "FaceBit CompanionUITests";
			sourceTree = "<group>";
		};
		01EAD74C25AF711A00ACFAAA /* Bluetooth */ = {
			isa = PBXGroup;
			children = (
				015F996325AE49A000BDD672 /* BluetoothConnectionManager.swift */,
				01FAB92425B09400009E5B72 /* FaceBitPerpherial.swift */,
				018B2F3525CCAE7C00178E6C /* FacebitReadCharacteristic.swift */,
			);
			path = Bluetooth;
			sourceTree = "<group>";
		};
		01EDBE7425B745D6009505DC /* Views */ = {
			isa = PBXGroup;
			children = (
				0100B4D525D74FA600898C05 /* Shared */,
				013B00B525BB276B00319A42 /* Settings */,
				01EDBE8B25B77022009505DC /* Event Recording */,
				01EDBE7525B745E2009505DC /* MyFaceBit */,
			);
			path = Views;
			sourceTree = "<group>";
		};
		01EDBE7525B745E2009505DC /* MyFaceBit */ = {
			isa = PBXGroup;
			children = (
				010C675B25BB6C7D00E0EF01 /* Metrics */,
				01EDBE7D25B7476D009505DC /* FaceBitLoadingBarButton.swift */,
				01EDBE7C25B7476D009505DC /* FaceBitStatusView.swift */,
				01EDBE7725B74604009505DC /* MyFaceBitMainView.swift */,
				013B00D125BB315C00319A42 /* FaceBitNotificationView.swift */,
				013B00D625BB324700319A42 /* FaceBitNotificationCardView.swift */,
				010C675625BB5AFC00E0EF01 /* FaceBitConnectionStatusButtonView.swift */,
				010C676425BB7EEC00E0EF01 /* MyFaceBitMetricsDashboardView.swift */,
				0100B4DB25D7581900898C05 /* FaceBitDetailsView.swift */,
			);
			path = MyFaceBit;
			sourceTree = "<group>";
		};
		01EDBE8B25B77022009505DC /* Event Recording */ = {
			isa = PBXGroup;
			children = (
				010C677225BB82A400E0EF01 /* CoughEventRecordView.swift */,
				010C677425BB82A400E0EF01 /* DeepBreathingEventRecordView.swift */,
				010C677125BB82A400E0EF01 /* EventRecorderView.swift */,
				010C677525BB82A400E0EF01 /* NormalBreathingEventRecordView.swift */,
				010C677325BB82A400E0EF01 /* TalkingEventRecordView.swift */,
				01325D3F25C35BC5000B2A05 /* GenericEventRecordingView.swift */,
				019754FC25C4AAFE00211FE9 /* StartEventView.swift */,
				0145251625C917B6006106ED /* ActiveEventView.swift */,
			);
			path = "Event Recording";
			sourceTree = "<group>";
		};
/* End PBXGroup section */

/* Begin PBXNativeTarget section */
		015F992E25AE493500BDD672 /* FaceBit Companion */ = {
			isa = PBXNativeTarget;
			buildConfigurationList = 015F995425AE493500BDD672 /* Build configuration list for PBXNativeTarget "FaceBit Companion" */;
			buildPhases = (
				015F992B25AE493500BDD672 /* Sources */,
				015F992C25AE493500BDD672 /* Frameworks */,
				015F992D25AE493500BDD672 /* Resources */,
			);
			buildRules = (
			);
			dependencies = (
			);
			name = "FaceBit Companion";
			packageProductDependencies = (
				013B00E525BB4B1C00319A42 /* ACarousel */,
			);
			productName = "FaceBit Companion";
			productReference = 015F992F25AE493500BDD672 /* FaceBit Companion.app */;
			productType = "com.apple.product-type.application";
		};
		015F993F25AE493500BDD672 /* FaceBit CompanionTests */ = {
			isa = PBXNativeTarget;
			buildConfigurationList = 015F995725AE493500BDD672 /* Build configuration list for PBXNativeTarget "FaceBit CompanionTests" */;
			buildPhases = (
				015F993C25AE493500BDD672 /* Sources */,
				015F993D25AE493500BDD672 /* Frameworks */,
				015F993E25AE493500BDD672 /* Resources */,
			);
			buildRules = (
			);
			dependencies = (
				015F994225AE493500BDD672 /* PBXTargetDependency */,
			);
			name = "FaceBit CompanionTests";
			productName = "FaceBit CompanionTests";
			productReference = 015F994025AE493500BDD672 /* FaceBit CompanionTests.xctest */;
			productType = "com.apple.product-type.bundle.unit-test";
		};
		015F994A25AE493500BDD672 /* FaceBit CompanionUITests */ = {
			isa = PBXNativeTarget;
			buildConfigurationList = 015F995A25AE493500BDD672 /* Build configuration list for PBXNativeTarget "FaceBit CompanionUITests" */;
			buildPhases = (
				015F994725AE493500BDD672 /* Sources */,
				015F994825AE493500BDD672 /* Frameworks */,
				015F994925AE493500BDD672 /* Resources */,
			);
			buildRules = (
			);
			dependencies = (
				015F994D25AE493500BDD672 /* PBXTargetDependency */,
			);
			name = "FaceBit CompanionUITests";
			productName = "FaceBit CompanionUITests";
			productReference = 015F994B25AE493500BDD672 /* FaceBit CompanionUITests.xctest */;
			productType = "com.apple.product-type.bundle.ui-testing";
		};
/* End PBXNativeTarget section */

/* Begin PBXProject section */
		015F992725AE493500BDD672 /* Project object */ = {
			isa = PBXProject;
			attributes = {
				LastSwiftUpdateCheck = 1230;
				LastUpgradeCheck = 1230;
				TargetAttributes = {
					015F992E25AE493500BDD672 = {
						CreatedOnToolsVersion = 12.3;
					};
					015F993F25AE493500BDD672 = {
						CreatedOnToolsVersion = 12.3;
						TestTargetID = 015F992E25AE493500BDD672;
					};
					015F994A25AE493500BDD672 = {
						CreatedOnToolsVersion = 12.3;
						TestTargetID = 015F992E25AE493500BDD672;
					};
				};
			};
			buildConfigurationList = 015F992A25AE493500BDD672 /* Build configuration list for PBXProject "FaceBit Companion" */;
			compatibilityVersion = "Xcode 9.3";
			developmentRegion = en;
			hasScannedForEncodings = 0;
			knownRegions = (
				en,
				Base,
			);
			mainGroup = 015F992625AE493500BDD672;
			packageReferences = (
				013B00E425BB4B1C00319A42 /* XCRemoteSwiftPackageReference "ACarousel" */,
			);
			productRefGroup = 015F993025AE493500BDD672 /* Products */;
			projectDirPath = "";
			projectRoot = "";
			targets = (
				015F992E25AE493500BDD672 /* FaceBit Companion */,
				015F993F25AE493500BDD672 /* FaceBit CompanionTests */,
				015F994A25AE493500BDD672 /* FaceBit CompanionUITests */,
			);
		};
/* End PBXProject section */

/* Begin PBXResourcesBuildPhase section */
		015F992D25AE493500BDD672 /* Resources */ = {
			isa = PBXResourcesBuildPhase;
			buildActionMask = 2147483647;
			files = (
				015F993A25AE493500BDD672 /* Preview Assets.xcassets in Resources */,
				015F993725AE493500BDD672 /* Assets.xcassets in Resources */,
			);
			runOnlyForDeploymentPostprocessing = 0;
		};
		015F993E25AE493500BDD672 /* Resources */ = {
			isa = PBXResourcesBuildPhase;
			buildActionMask = 2147483647;
			files = (
			);
			runOnlyForDeploymentPostprocessing = 0;
		};
		015F994925AE493500BDD672 /* Resources */ = {
			isa = PBXResourcesBuildPhase;
			buildActionMask = 2147483647;
			files = (
			);
			runOnlyForDeploymentPostprocessing = 0;
		};
/* End PBXResourcesBuildPhase section */

/* Begin PBXSourcesBuildPhase section */
		015F992B25AE493500BDD672 /* Sources */ = {
			isa = PBXSourcesBuildPhase;
			buildActionMask = 2147483647;
			files = (
				013B00C525BB2A7500319A42 /* KeyValueRow.swift in Sources */,
				013B00BC25BB289B00319A42 /* SettingsView.swift in Sources */,
				015F993525AE493500BDD672 /* ContentView.swift in Sources */,
				010C675D25BB6C9A00E0EF01 /* TimeSeriesGraphWidgetView.swift in Sources */,
				0100B4F425D7A1B800898C05 /* Timestamp.swift in Sources */,
				01004AC425C997A4006F5670 /* TimeSeriesMeasurementPub.swift in Sources */,
				015F993325AE493500BDD672 /* FaceBit_CompanionApp.swift in Sources */,
				018F822B25D5C3390037C5BE /* RespiratoryClsWidgetView.swift in Sources */,
				0100B4D125D7243600898C05 /* UInt+Extension.swift in Sources */,
				01325D3B25C35196000B2A05 /* ShareDatabaseButtonView.swift in Sources */,
				010C677825BB82A400E0EF01 /* TalkingEventRecordView.swift in Sources */,
				018F822325D5BC630037C5BE /* TimerPublisher.swift in Sources */,
				01B48FA525C9B3DD001EF3C3 /* TimeSeriesValueWidgetView.swift in Sources */,
				0100B4D725D74FB900898C05 /* FaceBitIcon.swift in Sources */,
				012735BA25D7A73E00C5CF6C /* HeartRateWidget.swift in Sources */,
				01EDBE7E25B7476D009505DC /* FaceBitStatusView.swift in Sources */,
				012C91BD25B1ED3600274F82 /* TimeSeriesMeasurement.swift in Sources */,
				01004ABE25C996F0006F5670 /* DatabasePublisher.swift in Sources */,
				013B00CD25BB2B6400319A42 /* FaceBit+Bundle.swift in Sources */,
				0100B4EF25D7996900898C05 /* MaskWearTimeWidget.swift in Sources */,
				01EECC2A25D38C2A00225DAA /* TimeSeriesDataRead.swift in Sources */,
				013B00D225BB315C00319A42 /* FaceBitNotificationView.swift in Sources */,
				010C67A925BB9FEC00E0EF01 /* WidgetView.swift in Sources */,
				010862BD25B5E27800EAF722 /* SQLiteTable.swift in Sources */,
				0145251725C917B6006106ED /* ActiveEventView.swift in Sources */,
				015F996425AE49A000BDD672 /* BluetoothConnectionManager.swift in Sources */,
				010862CE25B6122600EAF722 /* Logger.swift in Sources */,
				0100B4E725D7907300898C05 /* PrimaryButton.swift in Sources */,
				01325D4025C35BC5000B2A05 /* GenericEventRecordingView.swift in Sources */,
				010C677725BB82A400E0EF01 /* CoughEventRecordView.swift in Sources */,
				01EDBE7825B74604009505DC /* MyFaceBitMainView.swift in Sources */,
				010C677625BB82A400E0EF01 /* EventRecorderView.swift in Sources */,
				012C91B425B1ECFE00274F82 /* LiveLinePlot.swift in Sources */,
				013B00D725BB324700319A42 /* FaceBitNotificationCardView.swift in Sources */,
				0100B4DC25D7581900898C05 /* FaceBitDetailsView.swift in Sources */,
				010C676525BB7EEC00E0EF01 /* MyFaceBitMetricsDashboardView.swift in Sources */,
				018B2F3625CCAE7C00178E6C /* FacebitReadCharacteristic.swift in Sources */,
				01EDBE7F25B7476D009505DC /* FaceBitLoadingBarButton.swift in Sources */,
				010C677925BB82A400E0EF01 /* DeepBreathingEventRecordView.swift in Sources */,
				01EDBE7025B72659009505DC /* SmartPPEEvent.swift in Sources */,
				01FAB92525B09400009E5B72 /* FaceBitPerpherial.swift in Sources */,
				018F824F25D5DA4A0037C5BE /* RespiratoryClassifier.mlmodel in Sources */,
				018F821825D576610037C5BE /* RespitoryClassifierPub.swift in Sources */,
				010C675725BB5AFC00E0EF01 /* FaceBitConnectionStatusButtonView.swift in Sources */,
				013B00B725BB278100319A42 /* GenericSettingsRow.swift in Sources */,
				019754FD25C4AAFE00211FE9 /* StartEventView.swift in Sources */,
				010862C825B5E54F00EAF722 /* Int+Id.swift in Sources */,
				010862B825B2423900EAF722 /* SQLiteDatabase.swift in Sources */,
				010C67A125BB9C7400E0EF01 /* ValueWidgetView.swift in Sources */,
				013B00EE25BB517A00319A42 /* FaceBit+String.swift in Sources */,
				01A7638325D63F4E005EC1EF /* MetricMeasurement.swift in Sources */,
				010C677A25BB82A400E0EF01 /* NormalBreathingEventRecordView.swift in Sources */,
				019754EF25C499D300211FE9 /* PurgeDatabaseButtonView.swift in Sources */,
				010C679925BB982900E0EF01 /* AppData.swift in Sources */,
			);
			runOnlyForDeploymentPostprocessing = 0;
		};
		015F993C25AE493500BDD672 /* Sources */ = {
			isa = PBXSourcesBuildPhase;
			buildActionMask = 2147483647;
			files = (
				015F994525AE493500BDD672 /* FaceBit_CompanionTests.swift in Sources */,
			);
			runOnlyForDeploymentPostprocessing = 0;
		};
		015F994725AE493500BDD672 /* Sources */ = {
			isa = PBXSourcesBuildPhase;
			buildActionMask = 2147483647;
			files = (
				015F995025AE493500BDD672 /* FaceBit_CompanionUITests.swift in Sources */,
			);
			runOnlyForDeploymentPostprocessing = 0;
		};
/* End PBXSourcesBuildPhase section */

/* Begin PBXTargetDependency section */
		015F994225AE493500BDD672 /* PBXTargetDependency */ = {
			isa = PBXTargetDependency;
			target = 015F992E25AE493500BDD672 /* FaceBit Companion */;
			targetProxy = 015F994125AE493500BDD672 /* PBXContainerItemProxy */;
		};
		015F994D25AE493500BDD672 /* PBXTargetDependency */ = {
			isa = PBXTargetDependency;
			target = 015F992E25AE493500BDD672 /* FaceBit Companion */;
			targetProxy = 015F994C25AE493500BDD672 /* PBXContainerItemProxy */;
		};
/* End PBXTargetDependency section */

/* Begin XCBuildConfiguration section */
		015F995225AE493500BDD672 /* Debug */ = {
			isa = XCBuildConfiguration;
			buildSettings = {
				ALWAYS_SEARCH_USER_PATHS = NO;
				CLANG_ANALYZER_NONNULL = YES;
				CLANG_ANALYZER_NUMBER_OBJECT_CONVERSION = YES_AGGRESSIVE;
				CLANG_CXX_LANGUAGE_STANDARD = "gnu++14";
				CLANG_CXX_LIBRARY = "libc++";
				CLANG_ENABLE_MODULES = YES;
				CLANG_ENABLE_OBJC_ARC = YES;
				CLANG_ENABLE_OBJC_WEAK = YES;
				CLANG_WARN_BLOCK_CAPTURE_AUTORELEASING = YES;
				CLANG_WARN_BOOL_CONVERSION = YES;
				CLANG_WARN_COMMA = YES;
				CLANG_WARN_CONSTANT_CONVERSION = YES;
				CLANG_WARN_DEPRECATED_OBJC_IMPLEMENTATIONS = YES;
				CLANG_WARN_DIRECT_OBJC_ISA_USAGE = YES_ERROR;
				CLANG_WARN_DOCUMENTATION_COMMENTS = YES;
				CLANG_WARN_EMPTY_BODY = YES;
				CLANG_WARN_ENUM_CONVERSION = YES;
				CLANG_WARN_INFINITE_RECURSION = YES;
				CLANG_WARN_INT_CONVERSION = YES;
				CLANG_WARN_NON_LITERAL_NULL_CONVERSION = YES;
				CLANG_WARN_OBJC_IMPLICIT_RETAIN_SELF = YES;
				CLANG_WARN_OBJC_LITERAL_CONVERSION = YES;
				CLANG_WARN_OBJC_ROOT_CLASS = YES_ERROR;
				CLANG_WARN_QUOTED_INCLUDE_IN_FRAMEWORK_HEADER = YES;
				CLANG_WARN_RANGE_LOOP_ANALYSIS = YES;
				CLANG_WARN_STRICT_PROTOTYPES = YES;
				CLANG_WARN_SUSPICIOUS_MOVE = YES;
				CLANG_WARN_UNGUARDED_AVAILABILITY = YES_AGGRESSIVE;
				CLANG_WARN_UNREACHABLE_CODE = YES;
				CLANG_WARN__DUPLICATE_METHOD_MATCH = YES;
				COPY_PHASE_STRIP = NO;
				DEBUG_INFORMATION_FORMAT = dwarf;
				ENABLE_STRICT_OBJC_MSGSEND = YES;
				ENABLE_TESTABILITY = YES;
				GCC_C_LANGUAGE_STANDARD = gnu11;
				GCC_DYNAMIC_NO_PIC = NO;
				GCC_NO_COMMON_BLOCKS = YES;
				GCC_OPTIMIZATION_LEVEL = 0;
				GCC_PREPROCESSOR_DEFINITIONS = (
					"DEBUG=1",
					"$(inherited)",
				);
				GCC_WARN_64_TO_32_BIT_CONVERSION = YES;
				GCC_WARN_ABOUT_RETURN_TYPE = YES_ERROR;
				GCC_WARN_UNDECLARED_SELECTOR = YES;
				GCC_WARN_UNINITIALIZED_AUTOS = YES_AGGRESSIVE;
				GCC_WARN_UNUSED_FUNCTION = YES;
				GCC_WARN_UNUSED_VARIABLE = YES;
				IPHONEOS_DEPLOYMENT_TARGET = 14.3;
				MTL_ENABLE_DEBUG_INFO = INCLUDE_SOURCE;
				MTL_FAST_MATH = YES;
				ONLY_ACTIVE_ARCH = YES;
				SDKROOT = iphoneos;
				SWIFT_ACTIVE_COMPILATION_CONDITIONS = DEBUG;
				SWIFT_OPTIMIZATION_LEVEL = "-Onone";
			};
			name = Debug;
		};
		015F995325AE493500BDD672 /* Release */ = {
			isa = XCBuildConfiguration;
			buildSettings = {
				ALWAYS_SEARCH_USER_PATHS = NO;
				CLANG_ANALYZER_NONNULL = YES;
				CLANG_ANALYZER_NUMBER_OBJECT_CONVERSION = YES_AGGRESSIVE;
				CLANG_CXX_LANGUAGE_STANDARD = "gnu++14";
				CLANG_CXX_LIBRARY = "libc++";
				CLANG_ENABLE_MODULES = YES;
				CLANG_ENABLE_OBJC_ARC = YES;
				CLANG_ENABLE_OBJC_WEAK = YES;
				CLANG_WARN_BLOCK_CAPTURE_AUTORELEASING = YES;
				CLANG_WARN_BOOL_CONVERSION = YES;
				CLANG_WARN_COMMA = YES;
				CLANG_WARN_CONSTANT_CONVERSION = YES;
				CLANG_WARN_DEPRECATED_OBJC_IMPLEMENTATIONS = YES;
				CLANG_WARN_DIRECT_OBJC_ISA_USAGE = YES_ERROR;
				CLANG_WARN_DOCUMENTATION_COMMENTS = YES;
				CLANG_WARN_EMPTY_BODY = YES;
				CLANG_WARN_ENUM_CONVERSION = YES;
				CLANG_WARN_INFINITE_RECURSION = YES;
				CLANG_WARN_INT_CONVERSION = YES;
				CLANG_WARN_NON_LITERAL_NULL_CONVERSION = YES;
				CLANG_WARN_OBJC_IMPLICIT_RETAIN_SELF = YES;
				CLANG_WARN_OBJC_LITERAL_CONVERSION = YES;
				CLANG_WARN_OBJC_ROOT_CLASS = YES_ERROR;
				CLANG_WARN_QUOTED_INCLUDE_IN_FRAMEWORK_HEADER = YES;
				CLANG_WARN_RANGE_LOOP_ANALYSIS = YES;
				CLANG_WARN_STRICT_PROTOTYPES = YES;
				CLANG_WARN_SUSPICIOUS_MOVE = YES;
				CLANG_WARN_UNGUARDED_AVAILABILITY = YES_AGGRESSIVE;
				CLANG_WARN_UNREACHABLE_CODE = YES;
				CLANG_WARN__DUPLICATE_METHOD_MATCH = YES;
				COPY_PHASE_STRIP = NO;
				DEBUG_INFORMATION_FORMAT = "dwarf-with-dsym";
				ENABLE_NS_ASSERTIONS = NO;
				ENABLE_STRICT_OBJC_MSGSEND = YES;
				GCC_C_LANGUAGE_STANDARD = gnu11;
				GCC_NO_COMMON_BLOCKS = YES;
				GCC_WARN_64_TO_32_BIT_CONVERSION = YES;
				GCC_WARN_ABOUT_RETURN_TYPE = YES_ERROR;
				GCC_WARN_UNDECLARED_SELECTOR = YES;
				GCC_WARN_UNINITIALIZED_AUTOS = YES_AGGRESSIVE;
				GCC_WARN_UNUSED_FUNCTION = YES;
				GCC_WARN_UNUSED_VARIABLE = YES;
				IPHONEOS_DEPLOYMENT_TARGET = 14.3;
				MTL_ENABLE_DEBUG_INFO = NO;
				MTL_FAST_MATH = YES;
				SDKROOT = iphoneos;
				SWIFT_COMPILATION_MODE = wholemodule;
				SWIFT_OPTIMIZATION_LEVEL = "-O";
				VALIDATE_PRODUCT = YES;
			};
			name = Release;
		};
		015F995525AE493500BDD672 /* Debug */ = {
			isa = XCBuildConfiguration;
			buildSettings = {
				ASSETCATALOG_COMPILER_APPICON_NAME = AppIcon;
				ASSETCATALOG_COMPILER_GLOBAL_ACCENT_COLOR_NAME = AccentColor;
				CODE_SIGN_ENTITLEMENTS = "FaceBit Companion/FaceBit Companion.entitlements";
				"CODE_SIGN_IDENTITY[sdk=macosx*]" = "Apple Development";
				CODE_SIGN_STYLE = Automatic;
				CURRENT_PROJECT_VERSION = 1;
				DEVELOPMENT_ASSET_PATHS = "\"FaceBit Companion/Preview Content\"";
				DEVELOPMENT_TEAM = 9MQDGC4RM2;
				ENABLE_PREVIEWS = YES;
				INFOPLIST_FILE = "FaceBit Companion/Info.plist";
				IPHONEOS_DEPLOYMENT_TARGET = 14.0;
				LD_RUNPATH_SEARCH_PATHS = (
					"$(inherited)",
					"@executable_path/Frameworks",
				);
				MARKETING_VERSION = 0.2;
				PRODUCT_BUNDLE_IDENTIFIER = "com.hesterlab.smartppe.facebit-app";
				PRODUCT_NAME = "$(TARGET_NAME)";
				SUPPORTS_MACCATALYST = YES;
				SWIFT_VERSION = 5.0;
				TARGETED_DEVICE_FAMILY = "1,2";
			};
			name = Debug;
		};
		015F995625AE493500BDD672 /* Release */ = {
			isa = XCBuildConfiguration;
			buildSettings = {
				ASSETCATALOG_COMPILER_APPICON_NAME = AppIcon;
				ASSETCATALOG_COMPILER_GLOBAL_ACCENT_COLOR_NAME = AccentColor;
				CODE_SIGN_ENTITLEMENTS = "FaceBit Companion/FaceBit Companion.entitlements";
				"CODE_SIGN_IDENTITY[sdk=macosx*]" = "Apple Development";
				CODE_SIGN_STYLE = Automatic;
				CURRENT_PROJECT_VERSION = 1;
				DEVELOPMENT_ASSET_PATHS = "\"FaceBit Companion/Preview Content\"";
				DEVELOPMENT_TEAM = 9MQDGC4RM2;
				ENABLE_PREVIEWS = YES;
				INFOPLIST_FILE = "FaceBit Companion/Info.plist";
				IPHONEOS_DEPLOYMENT_TARGET = 14.0;
				LD_RUNPATH_SEARCH_PATHS = (
					"$(inherited)",
					"@executable_path/Frameworks",
				);
				MARKETING_VERSION = 0.2;
				PRODUCT_BUNDLE_IDENTIFIER = "com.hesterlab.smartppe.facebit-app";
				PRODUCT_NAME = "$(TARGET_NAME)";
				SUPPORTS_MACCATALYST = YES;
				SWIFT_VERSION = 5.0;
				TARGETED_DEVICE_FAMILY = "1,2";
			};
			name = Release;
		};
		015F995825AE493500BDD672 /* Debug */ = {
			isa = XCBuildConfiguration;
			buildSettings = {
				ALWAYS_EMBED_SWIFT_STANDARD_LIBRARIES = YES;
				BUNDLE_LOADER = "$(TEST_HOST)";
				CODE_SIGN_STYLE = Automatic;
				DEVELOPMENT_TEAM = 9MQDGC4RM2;
				INFOPLIST_FILE = "FaceBit CompanionTests/Info.plist";
				IPHONEOS_DEPLOYMENT_TARGET = 14.0;
				LD_RUNPATH_SEARCH_PATHS = (
					"$(inherited)",
					"@executable_path/Frameworks",
					"@loader_path/Frameworks",
				);
				PRODUCT_BUNDLE_IDENTIFIER = "com.kamoamoa.smartppe.FaceBit-CompanionTests";
				PRODUCT_NAME = "$(TARGET_NAME)";
				SWIFT_VERSION = 5.0;
				TARGETED_DEVICE_FAMILY = "1,2";
				TEST_HOST = "$(BUILT_PRODUCTS_DIR)/FaceBit Companion.app/FaceBit Companion";
			};
			name = Debug;
		};
		015F995925AE493500BDD672 /* Release */ = {
			isa = XCBuildConfiguration;
			buildSettings = {
				ALWAYS_EMBED_SWIFT_STANDARD_LIBRARIES = YES;
				BUNDLE_LOADER = "$(TEST_HOST)";
				CODE_SIGN_STYLE = Automatic;
				DEVELOPMENT_TEAM = 9MQDGC4RM2;
				INFOPLIST_FILE = "FaceBit CompanionTests/Info.plist";
				IPHONEOS_DEPLOYMENT_TARGET = 14.0;
				LD_RUNPATH_SEARCH_PATHS = (
					"$(inherited)",
					"@executable_path/Frameworks",
					"@loader_path/Frameworks",
				);
				PRODUCT_BUNDLE_IDENTIFIER = "com.kamoamoa.smartppe.FaceBit-CompanionTests";
				PRODUCT_NAME = "$(TARGET_NAME)";
				SWIFT_VERSION = 5.0;
				TARGETED_DEVICE_FAMILY = "1,2";
				TEST_HOST = "$(BUILT_PRODUCTS_DIR)/FaceBit Companion.app/FaceBit Companion";
			};
			name = Release;
		};
		015F995B25AE493500BDD672 /* Debug */ = {
			isa = XCBuildConfiguration;
			buildSettings = {
				ALWAYS_EMBED_SWIFT_STANDARD_LIBRARIES = YES;
				CODE_SIGN_STYLE = Automatic;
				DEVELOPMENT_TEAM = 9MQDGC4RM2;
				INFOPLIST_FILE = "FaceBit CompanionUITests/Info.plist";
				LD_RUNPATH_SEARCH_PATHS = (
					"$(inherited)",
					"@executable_path/Frameworks",
					"@loader_path/Frameworks",
				);
				PRODUCT_BUNDLE_IDENTIFIER = "com.kamoamoa.smartppe.FaceBit-CompanionUITests";
				PRODUCT_NAME = "$(TARGET_NAME)";
				SWIFT_VERSION = 5.0;
				TARGETED_DEVICE_FAMILY = "1,2";
				TEST_TARGET_NAME = "FaceBit Companion";
			};
			name = Debug;
		};
		015F995C25AE493500BDD672 /* Release */ = {
			isa = XCBuildConfiguration;
			buildSettings = {
				ALWAYS_EMBED_SWIFT_STANDARD_LIBRARIES = YES;
				CODE_SIGN_STYLE = Automatic;
				DEVELOPMENT_TEAM = 9MQDGC4RM2;
				INFOPLIST_FILE = "FaceBit CompanionUITests/Info.plist";
				LD_RUNPATH_SEARCH_PATHS = (
					"$(inherited)",
					"@executable_path/Frameworks",
					"@loader_path/Frameworks",
				);
				PRODUCT_BUNDLE_IDENTIFIER = "com.kamoamoa.smartppe.FaceBit-CompanionUITests";
				PRODUCT_NAME = "$(TARGET_NAME)";
				SWIFT_VERSION = 5.0;
				TARGETED_DEVICE_FAMILY = "1,2";
				TEST_TARGET_NAME = "FaceBit Companion";
			};
			name = Release;
		};
/* End XCBuildConfiguration section */

/* Begin XCConfigurationList section */
		015F992A25AE493500BDD672 /* Build configuration list for PBXProject "FaceBit Companion" */ = {
			isa = XCConfigurationList;
			buildConfigurations = (
				015F995225AE493500BDD672 /* Debug */,
				015F995325AE493500BDD672 /* Release */,
			);
			defaultConfigurationIsVisible = 0;
			defaultConfigurationName = Release;
		};
		015F995425AE493500BDD672 /* Build configuration list for PBXNativeTarget "FaceBit Companion" */ = {
			isa = XCConfigurationList;
			buildConfigurations = (
				015F995525AE493500BDD672 /* Debug */,
				015F995625AE493500BDD672 /* Release */,
			);
			defaultConfigurationIsVisible = 0;
			defaultConfigurationName = Release;
		};
		015F995725AE493500BDD672 /* Build configuration list for PBXNativeTarget "FaceBit CompanionTests" */ = {
			isa = XCConfigurationList;
			buildConfigurations = (
				015F995825AE493500BDD672 /* Debug */,
				015F995925AE493500BDD672 /* Release */,
			);
			defaultConfigurationIsVisible = 0;
			defaultConfigurationName = Release;
		};
		015F995A25AE493500BDD672 /* Build configuration list for PBXNativeTarget "FaceBit CompanionUITests" */ = {
			isa = XCConfigurationList;
			buildConfigurations = (
				015F995B25AE493500BDD672 /* Debug */,
				015F995C25AE493500BDD672 /* Release */,
			);
			defaultConfigurationIsVisible = 0;
			defaultConfigurationName = Release;
		};
/* End XCConfigurationList section */

/* Begin XCRemoteSwiftPackageReference section */
		013B00E425BB4B1C00319A42 /* XCRemoteSwiftPackageReference "ACarousel" */ = {
			isa = XCRemoteSwiftPackageReference;
			repositoryURL = "https://github.com/JWAutumn/ACarousel";
			requirement = {
				kind = upToNextMajorVersion;
				minimumVersion = 0.2.0;
			};
		};
/* End XCRemoteSwiftPackageReference section */

/* Begin XCSwiftPackageProductDependency section */
		013B00E525BB4B1C00319A42 /* ACarousel */ = {
			isa = XCSwiftPackageProductDependency;
			package = 013B00E425BB4B1C00319A42 /* XCRemoteSwiftPackageReference "ACarousel" */;
			productName = ACarousel;
		};
/* End XCSwiftPackageProductDependency section */
	};
	rootObject = 015F992725AE493500BDD672 /* Project object */;
}
